{
  "object": {
    "pins": [
      {
        "package": "NotenikUtils",
        "repositoryURL": "https://github.com/hbowie/NotenikUtils",
        "state": {
          "branch": null,
          "revision": "8c3910c194c798497df37d309b2d38164aa7d6c4",
          "version": "0.4.4"
        }
      }
    ]
  },
  "version": 1
}
